
Microsoft Visual Studio Solution File, Format Version 12.00
# Visual Studio Version 16
VisualStudioVersion = 16.0.31702.278
MinimumVisualStudioVersion = 10.0.40219.1
Project("{FAE04EC0-301F-11D3-BF4B-00C04F79EFBC}") = "Test1", "Test1.csproj", "{FB0D36D0-5269-410A-9698-AA141F601946}"
EndProject
Global
	GlobalSection(SolutionConfigurationPlatforms) = preSolution
		Debug|Any CPU = Debug|Any CPU
		Release|Any CPU = Release|Any CPU
	EndGlobalSection
	GlobalSection(ProjectConfigurationPlatforms) = postSolution
		{FB0D36D0-5269-410A-9698-AA141F601946}.Debug|Any CPU.ActiveCfg = Debug|Any CPU
		{FB0D36D0-5269-410A-9698-AA141F601946}.Debug|Any CPU.Build.0 = Debug|Any CPU
		{FB0D36D0-5269-410A-9698-AA141F601946}.Release|Any CPU.ActiveCfg = Release|Any CPU
		{FB0D36D0-5269-410A-9698-AA141F601946}.Release|Any CPU.Build.0 = Release|Any CPU
	EndGlobalSection
	GlobalSection(SolutionProperties) = preSolution
		HideSolutionNode = FALSE
	EndGlobalSection
	GlobalSection(ExtensibilityGlobals) = postSolution
		SolutionGuid = {4AD0092F-DE04-48FC-A0A3-DD1E66E09A4E}
	EndGlobalSection
EndGlobal
